{
  "originHash" : "8a0d0b5a07808e8a9376f505f30fb7c772ae1235d5011475b3c614dd48d3ec53",
  "pins" : [
    {
      "identity" : "bluesocket",
      "kind" : "remoteSourceControl",
      "location" : "https://github.com/Kitura/BlueSocket.git",
      "state" : {
        "revision" : "7b23a867008e0027bfd6f4d398d44720707bc8ca",
        "version" : "2.0.4"
      }
    },
    {
      "identity" : "bluesslservice",
      "kind" : "remoteSourceControl",
      "location" : "https://github.com/Kitura/BlueSSLService",
      "state" : {
        "revision" : "b27a94d063962dfa1bba9f79814c4ef202cf33a4",
        "version" : "2.0.2"
      }
    },
    {
      "identity" : "grdb.swift",
      "kind" : "remoteSourceControl",
      "location" : "https://github.com/groue/GRDB.swift",
      "state" : {
        "branch" : "master",
        "revision" : "3801ab9ac659d9eb57133629270e900444020e8e"
      }
    },
    {
      "identity" : "postgresclientkit",
      "kind" : "remoteSourceControl",
      "location" : "https://github.com/codewinsdotcom/PostgresClientKit.git",
      "state" : {
        "branch" : "master",
        "revision" : "c2768c8ebe708b1c5937431972c7882b33f4ea49"
      }
    }
  ],
  "version" : 3
}
